
Microsoft Visual Studio Solution File, Format Version 12.00
# Visual Studio Version 17
VisualStudioVersion = 17.8.34511.84
MinimumVisualStudioVersion = 10.0.40219.1
Project("{FAE04EC0-301F-11D3-BF4B-00C04F79EFBC}") = "SV22T1020193.Admin", "SV22T1020193.Admin\SV22T1020193.Admin.csproj", "{195612D2-2A24-4E72-B2AA-0704A54DB088}"
EndProject
Project("{FAE04EC0-301F-11D3-BF4B-00C04F79EFBC}") = "SV22T1020193.Shop", "SV22T1020193.Shop\SV22T1020193.Shop.csproj", "{B5203477-C300-4027-98EE-1387231B2A58}"
EndProject
Project("{FAE04EC0-301F-11D3-BF4B-00C04F79EFBC}") = "SV22T1020193.Models", "SV22T1020193.Models\SV22T1020193.Models.csproj", "{2BF20590-5DB8-49E8-8507-0D2DF253E090}"
EndProject
Project("{FAE04EC0-301F-11D3-BF4B-00C04F79EFBC}") = "SV22T1020193.DataLayers", "SV22T1020193.DataLayers\SV22T1020193.DataLayers.csproj", "{48950DAB-A1BB-4C1B-95E1-C521536DCE1B}"
EndProject
Project("{FAE04EC0-301F-11D3-BF4B-00C04F79EFBC}") = "SV22T1020193.BusinessLayers", "SV22T1020193.BusinessLayers\SV22T1020193.BusinessLayers.csproj", "{38964AED-B3D9-4768-A793-7E0784AD8B25}"
EndProject
Project("{2150E333-8FDC-42A3-9474-1A3956D46DE8}") = "Applications", "Applications", "{ECFBBA1C-1646-4820-B16D-4822C85AD890}"
EndProject
Project("{2150E333-8FDC-42A3-9474-1A3956D46DE8}") = "Libraries", "Libraries", "{2E298FA0-F055-4A9F-B40F-B10505C8BFAE}"
EndProject
Global
	GlobalSection(SolutionConfigurationPlatforms) = preSolution
		Debug|Any CPU = Debug|Any CPU
		Release|Any CPU = Release|Any CPU
	EndGlobalSection
	GlobalSection(ProjectConfigurationPlatforms) = postSolution
		{195612D2-2A24-4E72-B2AA-0704A54DB088}.Debug|Any CPU.ActiveCfg = Debug|Any CPU
		{195612D2-2A24-4E72-B2AA-0704A54DB088}.Debug|Any CPU.Build.0 = Debug|Any CPU
		{195612D2-2A24-4E72-B2AA-0704A54DB088}.Release|Any CPU.ActiveCfg = Release|Any CPU
		{195612D2-2A24-4E72-B2AA-0704A54DB088}.Release|Any CPU.Build.0 = Release|Any CPU
		{B5203477-C300-4027-98EE-1387231B2A58}.Debug|Any CPU.ActiveCfg = Debug|Any CPU
		{B5203477-C300-4027-98EE-1387231B2A58}.Debug|Any CPU.Build.0 = Debug|Any CPU
		{B5203477-C300-4027-98EE-1387231B2A58}.Release|Any CPU.ActiveCfg = Release|Any CPU
		{B5203477-C300-4027-98EE-1387231B2A58}.Release|Any CPU.Build.0 = Release|Any CPU
		{2BF20590-5DB8-49E8-8507-0D2DF253E090}.Debug|Any CPU.ActiveCfg = Debug|Any CPU
		{2BF20590-5DB8-49E8-8507-0D2DF253E090}.Debug|Any CPU.Build.0 = Debug|Any CPU
		{2BF20590-5DB8-49E8-8507-0D2DF253E090}.Release|Any CPU.ActiveCfg = Release|Any CPU
		{2BF20590-5DB8-49E8-8507-0D2DF253E090}.Release|Any CPU.Build.0 = Release|Any CPU
		{48950DAB-A1BB-4C1B-95E1-C521536DCE1B}.Debug|Any CPU.ActiveCfg = Debug|Any CPU
		{48950DAB-A1BB-4C1B-95E1-C521536DCE1B}.Debug|Any CPU.Build.0 = Debug|Any CPU
		{48950DAB-A1BB-4C1B-95E1-C521536DCE1B}.Release|Any CPU.ActiveCfg = Release|Any CPU
		{48950DAB-A1BB-4C1B-95E1-C521536DCE1B}.Release|Any CPU.Build.0 = Release|Any CPU
		{38964AED-B3D9-4768-A793-7E0784AD8B25}.Debug|Any CPU.ActiveCfg = Debug|Any CPU
		{38964AED-B3D9-4768-A793-7E0784AD8B25}.Debug|Any CPU.Build.0 = Debug|Any CPU
		{38964AED-B3D9-4768-A793-7E0784AD8B25}.Release|Any CPU.ActiveCfg = Release|Any CPU
		{38964AED-B3D9-4768-A793-7E0784AD8B25}.Release|Any CPU.Build.0 = Release|Any CPU
	EndGlobalSection
	GlobalSection(SolutionProperties) = preSolution
		HideSolutionNode = FALSE
	EndGlobalSection
	GlobalSection(NestedProjects) = preSolution
		{195612D2-2A24-4E72-B2AA-0704A54DB088} = {ECFBBA1C-1646-4820-B16D-4822C85AD890}
		{B5203477-C300-4027-98EE-1387231B2A58} = {ECFBBA1C-1646-4820-B16D-4822C85AD890}
		{2BF20590-5DB8-49E8-8507-0D2DF253E090} = {2E298FA0-F055-4A9F-B40F-B10505C8BFAE}
		{48950DAB-A1BB-4C1B-95E1-C521536DCE1B} = {2E298FA0-F055-4A9F-B40F-B10505C8BFAE}
		{38964AED-B3D9-4768-A793-7E0784AD8B25} = {2E298FA0-F055-4A9F-B40F-B10505C8BFAE}
	EndGlobalSection
	GlobalSection(ExtensibilityGlobals) = postSolution
		SolutionGuid = {E2B64824-560B-45BE-AAFB-ADA07E078458}
	EndGlobalSection
EndGlobal
